
Microsoft Visual Studio Solution File, Format Version 12.00
# Visual Studio Version 17
VisualStudioVersion = 17.9.34728.123
MinimumVisualStudioVersion = 10.0.40219.1
Project("{9A19103F-16F7-4668-BE54-9A1E7A4F7556}") = "MoralNursery", "MoralNursery\MoralNursery.csproj", "{3A6205EA-6932-4333-9295-D91E525A6021}"
EndProject
Global
	GlobalSection(SolutionConfigurationPlatforms) = preSolution
		Debug|Any CPU = Debug|Any CPU
		Release|Any CPU = Release|Any CPU
	EndGlobalSection
	GlobalSection(ProjectConfigurationPlatforms) = postSolution
		{3A6205EA-6932-4333-9295-D91E525A6021}.Debug|Any CPU.ActiveCfg = Debug|Any CPU
		{3A6205EA-6932-4333-9295-D91E525A6021}.Debug|Any CPU.Build.0 = Debug|Any CPU
		{3A6205EA-6932-4333-9295-D91E525A6021}.Release|Any CPU.ActiveCfg = Release|Any CPU
		{3A6205EA-6932-4333-9295-D91E525A6021}.Release|Any CPU.Build.0 = Release|Any CPU
	EndGlobalSection
	GlobalSection(SolutionProperties) = preSolution
		HideSolutionNode = FALSE
	EndGlobalSection
	GlobalSection(ExtensibilityGlobals) = postSolution
		SolutionGuid = {DED780E8-7389-413B-A8B9-FE1317E96EA7}
	EndGlobalSection
EndGlobal
